hash: e5a43a964ef9ced605823606dcfcc6335a021c2428f9d434a06e266f3ab4e3cc
updated: 2017-10-08T22:33:05.592244999+08:00
imports:
- name: github.com/adjust/redismq
  version: e2a56d9bb404cb0e47cc737fdc3fe1fd6c095743
- name: github.com/bouk/monkey
  version: b96e337f6e5b36906584cd0cf9803bbab09284f7
- name: github.com/golang/mock
  version: 13f360950a79f5864a972c786a10a50e44b69541
  subpackages:
  - gomock
- name: github.com/golang/snappy
  version: 553a641470496b2327abcac10b36396bd98e45c9
- name: github.com/nsqio/go-nsq
  version: eee57a3ac4174c55924125bb15eeeda8cffb6e6f
- name: github.com/satori/go.uuid
  version: 879c5887cd475cd7864858769793b2ceb0d44feb
- name: github.com/stretchr/testify
  version: 69483b4bd14f5845b5a1e55bca19e954e827f1d0
  subpackages:
  - assert
testImports:
- name: github.com/davecgh/go-spew
  version: 6d212800a42e8ab5c146b8ace3490ee17e5225f9
  subpackages:
  - spew
- name: github.com/pmezard/go-difflib
  version: d8ed2627bdf02c080bf22230dbb337003b7aba2d
  subpackages:
  - difflib
